
Microsoft Visual Studio Solution File, Format Version 12.00
# Visual Studio Version 17
VisualStudioVersion = 17.0.31903.59
MinimumVisualStudioVersion = 10.0.40219.1
Project("{FAE04EC0-301F-11D3-BF4B-00C04F79EFBC}") = "Tabu.Domain", "src\Tabu.Domain\Tabu.Domain.csproj", "{A1B2C3D4-1111-2222-3333-444455556666}"
EndProject
Project("{FAE04EC0-301F-11D3-BF4B-00C04F79EFBC}") = "Tabu.Application", "src\Tabu.Application\Tabu.Application.csproj", "{A1B2C3D4-1111-2222-3333-444455557777}"
EndProject
Project("{FAE04EC0-301F-11D3-BF4B-00C04F79EFBC}") = "Tabu.Infrastructure", "src\Tabu.Infrastructure\Tabu.Infrastructure.csproj", "{A1B2C3D4-1111-2222-3333-444455558888}"
EndProject
Project("{FAE04EC0-301F-11D3-BF4B-00C04F79EFBC}") = "Tabu.UI", "src\Tabu.UI\Tabu.UI.csproj", "{A1B2C3D4-1111-2222-3333-444455559999}"
EndProject
Project("{2150E333-8FDC-42A3-9474-1A3956D46DE8}") = "tests", "tests", "{020F31FA-7C09-419D-B2D0-4918A09156EE}"
EndProject
Project("{FAE04EC0-301F-11D3-BF4B-00C04F79EFBC}") = "Tabu.Application.Tests", "tests\Tabu.Application.Tests\Tabu.Application.Tests.csproj", "{6FFA737B-92F1-4376-8D8D-82FB85FBACDA}"
EndProject
Project("{FAE04EC0-301F-11D3-BF4B-00C04F79EFBC}") = "Tabu.Infrastructure.Tests", "tests\Tabu.Infrastructure.Tests\Tabu.Infrastructure.Tests.csproj", "{0B83847D-78CA-40A7-BBA4-FE02146E8A4E}"
EndProject
Global
	GlobalSection(SolutionConfigurationPlatforms) = preSolution
		Debug|Any CPU = Debug|Any CPU
		Release|Any CPU = Release|Any CPU
	EndGlobalSection
	GlobalSection(ProjectConfigurationPlatforms) = postSolution
		{A1B2C3D4-1111-2222-3333-444455556666}.Debug|Any CPU.ActiveCfg = Debug|Any CPU
		{A1B2C3D4-1111-2222-3333-444455556666}.Debug|Any CPU.Build.0 = Debug|Any CPU
		{A1B2C3D4-1111-2222-3333-444455556666}.Release|Any CPU.ActiveCfg = Release|Any CPU
		{A1B2C3D4-1111-2222-3333-444455556666}.Release|Any CPU.Build.0 = Release|Any CPU
		{A1B2C3D4-1111-2222-3333-444455557777}.Debug|Any CPU.ActiveCfg = Debug|Any CPU
		{A1B2C3D4-1111-2222-3333-444455557777}.Debug|Any CPU.Build.0 = Debug|Any CPU
		{A1B2C3D4-1111-2222-3333-444455557777}.Release|Any CPU.ActiveCfg = Release|Any CPU
		{A1B2C3D4-1111-2222-3333-444455557777}.Release|Any CPU.Build.0 = Release|Any CPU
		{A1B2C3D4-1111-2222-3333-444455558888}.Debug|Any CPU.ActiveCfg = Debug|Any CPU
		{A1B2C3D4-1111-2222-3333-444455558888}.Debug|Any CPU.Build.0 = Debug|Any CPU
		{A1B2C3D4-1111-2222-3333-444455558888}.Release|Any CPU.ActiveCfg = Release|Any CPU
		{A1B2C3D4-1111-2222-3333-444455558888}.Release|Any CPU.Build.0 = Release|Any CPU
		{A1B2C3D4-1111-2222-3333-444455559999}.Debug|Any CPU.ActiveCfg = Debug|Any CPU
		{A1B2C3D4-1111-2222-3333-444455559999}.Debug|Any CPU.Build.0 = Debug|Any CPU
		{A1B2C3D4-1111-2222-3333-444455559999}.Release|Any CPU.ActiveCfg = Release|Any CPU
		{A1B2C3D4-1111-2222-3333-444455559999}.Release|Any CPU.Build.0 = Release|Any CPU
		{6FFA737B-92F1-4376-8D8D-82FB85FBACDA}.Debug|Any CPU.ActiveCfg = Debug|Any CPU
		{6FFA737B-92F1-4376-8D8D-82FB85FBACDA}.Debug|Any CPU.Build.0 = Debug|Any CPU
		{6FFA737B-92F1-4376-8D8D-82FB85FBACDA}.Release|Any CPU.ActiveCfg = Release|Any CPU
		{6FFA737B-92F1-4376-8D8D-82FB85FBACDA}.Release|Any CPU.Build.0 = Release|Any CPU
		{0B83847D-78CA-40A7-BBA4-FE02146E8A4E}.Debug|Any CPU.ActiveCfg = Debug|Any CPU
		{0B83847D-78CA-40A7-BBA4-FE02146E8A4E}.Debug|Any CPU.Build.0 = Debug|Any CPU
		{0B83847D-78CA-40A7-BBA4-FE02146E8A4E}.Release|Any CPU.ActiveCfg = Release|Any CPU
		{0B83847D-78CA-40A7-BBA4-FE02146E8A4E}.Release|Any CPU.Build.0 = Release|Any CPU
	EndGlobalSection
	GlobalSection(NestedProjects) = preSolution
		{6FFA737B-92F1-4376-8D8D-82FB85FBACDA} = {020F31FA-7C09-419D-B2D0-4918A09156EE}
		{0B83847D-78CA-40A7-BBA4-FE02146E8A4E} = {020F31FA-7C09-419D-B2D0-4918A09156EE}
	EndGlobalSection
EndGlobal
